
Microsoft Visual Studio Solution File, Format Version 12.00
Project("{2150E333-8FDC-42A3-9474-1A3956D46DE8}") = "Solution Items", "Solution Items", "{5D76012F-C67A-4514-97CB-5E63B3B6F839}"
	ProjectSection(SolutionItems) = preProject
		docker-compose.yml = docker-compose.yml
		README.md = README.md
	EndProjectSection
EndProject
Project("{FAE04EC0-301F-11D3-BF4B-00C04F79EFBC}") = "AuctionService", "src\AuctionService\AuctionService.csproj", "{FBABA696-73AA-42FF-B605-06F001707054}"
EndProject
Global
	GlobalSection(SolutionConfigurationPlatforms) = preSolution
		Debug|Any CPU = Debug|Any CPU
		Release|Any CPU = Release|Any CPU
	EndGlobalSection
	GlobalSection(ProjectConfigurationPlatforms) = postSolution
		{FBABA696-73AA-42FF-B605-06F001707054}.Debug|Any CPU.ActiveCfg = Debug|Any CPU
		{FBABA696-73AA-42FF-B605-06F001707054}.Debug|Any CPU.Build.0 = Debug|Any CPU
		{FBABA696-73AA-42FF-B605-06F001707054}.Release|Any CPU.ActiveCfg = Release|Any CPU
		{FBABA696-73AA-42FF-B605-06F001707054}.Release|Any CPU.Build.0 = Release|Any CPU
	EndGlobalSection
EndGlobal
