
Microsoft Visual Studio Solution File, Format Version 12.00
Project("{2150E333-8FDC-42A3-9474-1A3956D46DE8}") = "Solution Items", "Solution Items", "{5D76012F-C67A-4514-97CB-5E63B3B6F839}"
	ProjectSection(SolutionItems) = preProject
		docker-compose.yml = docker-compose.yml
		README.md = README.md
	EndProjectSection
EndProject
Project("{FAE04EC0-301F-11D3-BF4B-00C04F79EFBC}") = "AuctionService", "src\AuctionService\AuctionService.csproj", "{FBABA696-73AA-42FF-B605-06F001707054}"
EndProject
Project("{FAE04EC0-301F-11D3-BF4B-00C04F79EFBC}") = "SearchService", "src\SearchService\SearchService.csproj", "{A82B2E56-B321-4909-8ED7-DD83E77ED466}"
EndProject
Project("{FAE04EC0-301F-11D3-BF4B-00C04F79EFBC}") = "Contracts", "src\Contracts\Contracts.csproj", "{68D5C3BA-1B1E-42C4-97B6-E7B9ABCB639D}"
EndProject
Project("{FAE04EC0-301F-11D3-BF4B-00C04F79EFBC}") = "IdentityService", "src\IdentityService\IdentityService.csproj", "{0689D6F6-26F3-4C33-86A7-C53EEFA78D53}"
EndProject
Project("{FAE04EC0-301F-11D3-BF4B-00C04F79EFBC}") = "GatewayService", "src\GatewayService\GatewayService.csproj", "{5379A596-5E3E-4DAC-8D80-E88008EB9B96}"
EndProject
Global
	GlobalSection(SolutionConfigurationPlatforms) = preSolution
		Debug|Any CPU = Debug|Any CPU
		Release|Any CPU = Release|Any CPU
	EndGlobalSection
	GlobalSection(ProjectConfigurationPlatforms) = postSolution
		{FBABA696-73AA-42FF-B605-06F001707054}.Debug|Any CPU.ActiveCfg = Debug|Any CPU
		{FBABA696-73AA-42FF-B605-06F001707054}.Debug|Any CPU.Build.0 = Debug|Any CPU
		{FBABA696-73AA-42FF-B605-06F001707054}.Release|Any CPU.ActiveCfg = Release|Any CPU
		{FBABA696-73AA-42FF-B605-06F001707054}.Release|Any CPU.Build.0 = Release|Any CPU
		{A82B2E56-B321-4909-8ED7-DD83E77ED466}.Debug|Any CPU.ActiveCfg = Debug|Any CPU
		{A82B2E56-B321-4909-8ED7-DD83E77ED466}.Debug|Any CPU.Build.0 = Debug|Any CPU
		{A82B2E56-B321-4909-8ED7-DD83E77ED466}.Release|Any CPU.ActiveCfg = Release|Any CPU
		{A82B2E56-B321-4909-8ED7-DD83E77ED466}.Release|Any CPU.Build.0 = Release|Any CPU
		{68D5C3BA-1B1E-42C4-97B6-E7B9ABCB639D}.Debug|Any CPU.ActiveCfg = Debug|Any CPU
		{68D5C3BA-1B1E-42C4-97B6-E7B9ABCB639D}.Debug|Any CPU.Build.0 = Debug|Any CPU
		{68D5C3BA-1B1E-42C4-97B6-E7B9ABCB639D}.Release|Any CPU.ActiveCfg = Release|Any CPU
		{68D5C3BA-1B1E-42C4-97B6-E7B9ABCB639D}.Release|Any CPU.Build.0 = Release|Any CPU
		{0689D6F6-26F3-4C33-86A7-C53EEFA78D53}.Debug|Any CPU.ActiveCfg = Debug|Any CPU
		{0689D6F6-26F3-4C33-86A7-C53EEFA78D53}.Debug|Any CPU.Build.0 = Debug|Any CPU
		{0689D6F6-26F3-4C33-86A7-C53EEFA78D53}.Release|Any CPU.ActiveCfg = Release|Any CPU
		{0689D6F6-26F3-4C33-86A7-C53EEFA78D53}.Release|Any CPU.Build.0 = Release|Any CPU
		{5379A596-5E3E-4DAC-8D80-E88008EB9B96}.Debug|Any CPU.ActiveCfg = Debug|Any CPU
		{5379A596-5E3E-4DAC-8D80-E88008EB9B96}.Debug|Any CPU.Build.0 = Debug|Any CPU
		{5379A596-5E3E-4DAC-8D80-E88008EB9B96}.Release|Any CPU.ActiveCfg = Release|Any CPU
		{5379A596-5E3E-4DAC-8D80-E88008EB9B96}.Release|Any CPU.Build.0 = Release|Any CPU
	EndGlobalSection
EndGlobal
